
Microsoft Visual Studio Solution File, Format Version 9.00
# Visual Studio 2005
Project("{D183A3D8-5FD8-494B-B014-37F57B35E655}") = "MLBPlayer_ELT", "MLBPlayer_ELT\MLBPlayer_ELT.dtproj", "{52907493-28D5-4336-9586-5D1C425F38E4}"
EndProject
Global
	GlobalSection(SolutionConfigurationPlatforms) = preSolution
		Development|Default = Development|Default
	EndGlobalSection
	GlobalSection(ProjectConfigurationPlatforms) = postSolution
		{52907493-28D5-4336-9586-5D1C425F38E4}.Development|Default.ActiveCfg = Development
		{52907493-28D5-4336-9586-5D1C425F38E4}.Development|Default.Build.0 = Development
	EndGlobalSection
	GlobalSection(SolutionProperties) = preSolution
		HideSolutionNode = FALSE
	EndGlobalSection
EndGlobal
